
Microsoft Visual Studio Solution File, Format Version 12.00
# Visual Studio 2013
VisualStudioVersion = 12.0.31101.0
MinimumVisualStudioVersion = 10.0.40219.1
Project("{2150E333-8FDC-42A3-9474-1A3956D46DE8}") = ".nuget", ".nuget", "{D742A110-9EC6-43AA-8DAA-F4489E89A625}"
	ProjectSection(SolutionItems) = preProject
		.nuget\NuGet.Config = .nuget\NuGet.Config
		.nuget\NuGet.exe = .nuget\NuGet.exe
		.nuget\NuGet.targets = .nuget\NuGet.targets
	EndProjectSection
EndProject
Project("{2150E333-8FDC-42A3-9474-1A3956D46DE8}") = "_Tests", "_Tests", "{36FC5083-E476-495B-BCB5-C847BED245A4}"
EndProject
Project("{2150E333-8FDC-42A3-9474-1A3956D46DE8}") = "Modules", "Modules", "{F94C2A52-A8BE-440E-B77B-BAD2D5A49806}"
EndProject
Project("{FAE04EC0-301F-11D3-BF4B-00C04F79EFBC}") = "LMP.Web", "LMP.Web\LMP.Web.csproj", "{897F6FD8-6F90-48E4-95A5-B4429B896205}"
EndProject
Project("{2150E333-8FDC-42A3-9474-1A3956D46DE8}") = "Common", "Common", "{0A5AB4D5-5F6E-4369-8728-198AC758D6A7}"
EndProject
Project("{2150E333-8FDC-42A3-9474-1A3956D46DE8}") = "Modules", "Modules", "{E6B6A3CC-45B6-4EAA-9769-6A09F2A63610}"
EndProject
Project("{FAE04EC0-301F-11D3-BF4B-00C04F79EFBC}") = "LMP.TaskSystem.Tests", "LMP.Tests\Modules\LMP.TaskSystem.Tests\LMP.TaskSystem.Tests.csproj", "{B46BF059-F9BE-4728-ADAD-80E95C3BAB6F}"
EndProject
Project("{FAE04EC0-301F-11D3-BF4B-00C04F79EFBC}") = "LMP.Test", "LMP.Tests\LMP.Test\LMP.Test.csproj", "{DD4C50B3-D341-4F89-A15B-8E198CACBCE5}"
EndProject
Project("{FAE04EC0-301F-11D3-BF4B-00C04F79EFBC}") = "LMP.Framework", "LMP\LMP.Framework\LMP.Framework.csproj", "{78A45CA7-2B30-4F1B-AE7D-099EDC50B44E}"
EndProject
Project("{FAE04EC0-301F-11D3-BF4B-00C04F79EFBC}") = "LMP.Core", "LMP\LMP.Core\LMP.Core.csproj", "{9EFC858C-0B5D-4DAA-A33E-8A1322D77FDD}"
EndProject
Project("{FAE04EC0-301F-11D3-BF4B-00C04F79EFBC}") = "LMP.Users", "LMP.Modules\LMP.Users\LMP.Users.csproj", "{A9CAB995-6034-421C-BCAB-62C8EFB0FF72}"
EndProject
Project("{FAE04EC0-301F-11D3-BF4B-00C04F79EFBC}") = "LMP.QuestionSystem", "LMP.Modules\LMP.QuestionSystem\LMP.QuestionSystem.csproj", "{49AB7FA6-A2F7-4F93-A83C-1E34746533C4}"
EndProject
Project("{FAE04EC0-301F-11D3-BF4B-00C04F79EFBC}") = "LMP.TaskSystem", "LMP.Modules\LMP.TaskSystem\LMP.TaskSystem.csproj", "{196D2675-975D-40E1-851E-D638FFEC6F72}"
EndProject
Project("{2150E333-8FDC-42A3-9474-1A3956D46DE8}") = "Tools", "Tools", "{C2CCADBE-AFD6-4665-BD25-33C84DF9EF8C}"
EndProject
Global
	GlobalSection(SolutionConfigurationPlatforms) = preSolution
		Debug|Any CPU = Debug|Any CPU
		Release|Any CPU = Release|Any CPU
	EndGlobalSection
	GlobalSection(ProjectConfigurationPlatforms) = postSolution
		{897F6FD8-6F90-48E4-95A5-B4429B896205}.Debug|Any CPU.ActiveCfg = Debug|Any CPU
		{897F6FD8-6F90-48E4-95A5-B4429B896205}.Debug|Any CPU.Build.0 = Debug|Any CPU
		{897F6FD8-6F90-48E4-95A5-B4429B896205}.Release|Any CPU.ActiveCfg = Release|Any CPU
		{897F6FD8-6F90-48E4-95A5-B4429B896205}.Release|Any CPU.Build.0 = Release|Any CPU
		{B46BF059-F9BE-4728-ADAD-80E95C3BAB6F}.Debug|Any CPU.ActiveCfg = Debug|Any CPU
		{B46BF059-F9BE-4728-ADAD-80E95C3BAB6F}.Debug|Any CPU.Build.0 = Debug|Any CPU
		{B46BF059-F9BE-4728-ADAD-80E95C3BAB6F}.Release|Any CPU.ActiveCfg = Release|Any CPU
		{B46BF059-F9BE-4728-ADAD-80E95C3BAB6F}.Release|Any CPU.Build.0 = Release|Any CPU
		{DD4C50B3-D341-4F89-A15B-8E198CACBCE5}.Debug|Any CPU.ActiveCfg = Debug|Any CPU
		{DD4C50B3-D341-4F89-A15B-8E198CACBCE5}.Debug|Any CPU.Build.0 = Debug|Any CPU
		{DD4C50B3-D341-4F89-A15B-8E198CACBCE5}.Release|Any CPU.ActiveCfg = Release|Any CPU
		{DD4C50B3-D341-4F89-A15B-8E198CACBCE5}.Release|Any CPU.Build.0 = Release|Any CPU
		{78A45CA7-2B30-4F1B-AE7D-099EDC50B44E}.Debug|Any CPU.ActiveCfg = Debug|Any CPU
		{78A45CA7-2B30-4F1B-AE7D-099EDC50B44E}.Debug|Any CPU.Build.0 = Debug|Any CPU
		{78A45CA7-2B30-4F1B-AE7D-099EDC50B44E}.Release|Any CPU.ActiveCfg = Release|Any CPU
		{78A45CA7-2B30-4F1B-AE7D-099EDC50B44E}.Release|Any CPU.Build.0 = Release|Any CPU
		{9EFC858C-0B5D-4DAA-A33E-8A1322D77FDD}.Debug|Any CPU.ActiveCfg = Debug|Any CPU
		{9EFC858C-0B5D-4DAA-A33E-8A1322D77FDD}.Debug|Any CPU.Build.0 = Debug|Any CPU
		{9EFC858C-0B5D-4DAA-A33E-8A1322D77FDD}.Release|Any CPU.ActiveCfg = Release|Any CPU
		{9EFC858C-0B5D-4DAA-A33E-8A1322D77FDD}.Release|Any CPU.Build.0 = Release|Any CPU
		{A9CAB995-6034-421C-BCAB-62C8EFB0FF72}.Debug|Any CPU.ActiveCfg = Debug|Any CPU
		{A9CAB995-6034-421C-BCAB-62C8EFB0FF72}.Debug|Any CPU.Build.0 = Debug|Any CPU
		{A9CAB995-6034-421C-BCAB-62C8EFB0FF72}.Release|Any CPU.ActiveCfg = Release|Any CPU
		{A9CAB995-6034-421C-BCAB-62C8EFB0FF72}.Release|Any CPU.Build.0 = Release|Any CPU
		{49AB7FA6-A2F7-4F93-A83C-1E34746533C4}.Debug|Any CPU.ActiveCfg = Debug|Any CPU
		{49AB7FA6-A2F7-4F93-A83C-1E34746533C4}.Debug|Any CPU.Build.0 = Debug|Any CPU
		{49AB7FA6-A2F7-4F93-A83C-1E34746533C4}.Release|Any CPU.ActiveCfg = Release|Any CPU
		{49AB7FA6-A2F7-4F93-A83C-1E34746533C4}.Release|Any CPU.Build.0 = Release|Any CPU
		{196D2675-975D-40E1-851E-D638FFEC6F72}.Debug|Any CPU.ActiveCfg = Debug|Any CPU
		{196D2675-975D-40E1-851E-D638FFEC6F72}.Release|Any CPU.ActiveCfg = Release|Any CPU
	EndGlobalSection
	GlobalSection(SolutionProperties) = preSolution
		HideSolutionNode = FALSE
	EndGlobalSection
	GlobalSection(NestedProjects) = preSolution
		{E6B6A3CC-45B6-4EAA-9769-6A09F2A63610} = {36FC5083-E476-495B-BCB5-C847BED245A4}
		{B46BF059-F9BE-4728-ADAD-80E95C3BAB6F} = {E6B6A3CC-45B6-4EAA-9769-6A09F2A63610}
		{DD4C50B3-D341-4F89-A15B-8E198CACBCE5} = {36FC5083-E476-495B-BCB5-C847BED245A4}
		{78A45CA7-2B30-4F1B-AE7D-099EDC50B44E} = {0A5AB4D5-5F6E-4369-8728-198AC758D6A7}
		{9EFC858C-0B5D-4DAA-A33E-8A1322D77FDD} = {0A5AB4D5-5F6E-4369-8728-198AC758D6A7}
		{A9CAB995-6034-421C-BCAB-62C8EFB0FF72} = {F94C2A52-A8BE-440E-B77B-BAD2D5A49806}
		{49AB7FA6-A2F7-4F93-A83C-1E34746533C4} = {F94C2A52-A8BE-440E-B77B-BAD2D5A49806}
		{196D2675-975D-40E1-851E-D638FFEC6F72} = {F94C2A52-A8BE-440E-B77B-BAD2D5A49806}
	EndGlobalSection
EndGlobal
